{
  "originHash" : "dbee2315876c7ea4e10de12791f4240daed1e98588dab04500bb0ea77378fc2f",
  "pins" : [
    {
      "identity" : "swift-binary-parsing",
      "kind" : "remoteSourceControl",
      "location" : "https://github.com/apple/swift-binary-parsing",
      "state" : {
        "revision" : "2897231396f97c2ea151936e64b84f4e238c3ad9",
        "version" : "0.0.1"
      }
    },
    {
      "identity" : "swift-syntax",
      "kind" : "remoteSourceControl",
      "location" : "https://github.com/swiftlang/swift-syntax.git",
      "state" : {
        "revision" : "0687f71944021d616d34d922343dcef086855920",
        "version" : "600.0.1"
      }
    }
  ],
  "version" : 3
}
